
Microsoft Visual Studio Solution File, Format Version 12.00
# Visual Studio Version 17
VisualStudioVersion = 17.8.34525.116
MinimumVisualStudioVersion = 10.0.40219.1
Project("{FAE04EC0-301F-11D3-BF4B-00C04F79EFBC}") = "Lab5", "Lab5.csproj", "{43829C51-C9A7-443F-8F74-066C406DE718}"
EndProject
Global
	GlobalSection(SolutionConfigurationPlatforms) = preSolution
		Debug|Any CPU = Debug|Any CPU
		Release|Any CPU = Release|Any CPU
	EndGlobalSection
	GlobalSection(ProjectConfigurationPlatforms) = postSolution
		{43829C51-C9A7-443F-8F74-066C406DE718}.Debug|Any CPU.ActiveCfg = Debug|Any CPU
		{43829C51-C9A7-443F-8F74-066C406DE718}.Debug|Any CPU.Build.0 = Debug|Any CPU
		{43829C51-C9A7-443F-8F74-066C406DE718}.Release|Any CPU.ActiveCfg = Release|Any CPU
		{43829C51-C9A7-443F-8F74-066C406DE718}.Release|Any CPU.Build.0 = Release|Any CPU
	EndGlobalSection
	GlobalSection(SolutionProperties) = preSolution
		HideSolutionNode = FALSE
	EndGlobalSection
	GlobalSection(ExtensibilityGlobals) = postSolution
		SolutionGuid = {55091329-7D54-46CA-A471-3721D3E7BDE5}
	EndGlobalSection
EndGlobal
